// !$*UTF8*$!
{
	archiveVersion = 1;
	classes = {
	};
	objectVersion = 46;
	objects = {

/* Begin PBXBuildFile section */
		009A708D1F3434E15D73F5F5 /* Pods_Nabto_Edge_Webview.framework in Frameworks */ = {isa = PBXBuildFile; fileRef = 126D11F565C20E827BAB6FD4 /* Pods_Nabto_Edge_Webview.framework */; };
		4236EDAE299E72210049A425 /* AssetsLibrary.framework in Frameworks */ = {isa = PBXBuildFile; fileRef = 4236EDAD299E72210049A425 /* AssetsLibrary.framework */; };
		45022383759B3A4BBF3A7F7F /* Pods_NabtoEdgeWebviewTests.framework in Frameworks */ = {isa = PBXBuildFile; fileRef = 60B3B9F30465A67F31792960 /* Pods_NabtoEdgeWebviewTests.framework */; };
		6D04A6DB1E3F4C4800DD9F70 /* AppDelegate.swift in Sources */ = {isa = PBXBuildFile; fileRef = 6D04A6DA1E3F4C4800DD9F70 /* AppDelegate.swift */; };
		6D04A6DD1E3F4C4800DD9F70 /* OverviewViewController.swift in Sources */ = {isa = PBXBuildFile; fileRef = 6D04A6DC1E3F4C4800DD9F70 /* OverviewViewController.swift */; };
		6D04A6E01E3F4C4800DD9F70 /* Main.storyboard in Resources */ = {isa = PBXBuildFile; fileRef = 6D04A6DE1E3F4C4800DD9F70 /* Main.storyboard */; };
		6D04A6E21E3F4C4800DD9F70 /* Assets.xcassets in Resources */ = {isa = PBXBuildFile; fileRef = 6D04A6E11E3F4C4800DD9F70 /* Assets.xcassets */; };
		6D04A6E51E3F4C4800DD9F70 /* LaunchScreen.storyboard in Resources */ = {isa = PBXBuildFile; fileRef = 6D04A6E31E3F4C4800DD9F70 /* LaunchScreen.storyboard */; };
		6D04A6F01E3F4C4800DD9F70 /* OtherTests.swift in Sources */ = {isa = PBXBuildFile; fileRef = 6D04A6EF1E3F4C4800DD9F70 /* OtherTests.swift */; };
		6D04A7481E3F57E900DD9F70 /* Foundation.framework in Frameworks */ = {isa = PBXBuildFile; fileRef = 6D04A7471E3F57E900DD9F70 /* Foundation.framework */; };
		6D04A7551E3F59BF00DD9F70 /* QuartzCore.framework in Frameworks */ = {isa = PBXBuildFile; fileRef = 6D04A7531E3F59BF00DD9F70 /* QuartzCore.framework */; };
		6D04A7561E3F59BF00DD9F70 /* UIKit.framework in Frameworks */ = {isa = PBXBuildFile; fileRef = 6D04A7541E3F59BF00DD9F70 /* UIKit.framework */; };
		6D16D89D1E4944F90093B4B1 /* BookmarkManager.swift in Sources */ = {isa = PBXBuildFile; fileRef = 6D423F651E44D7F500DFC8B9 /* BookmarkManager.swift */; };
		6D423F661E44D7F600DFC8B9 /* BookmarkManager.swift in Sources */ = {isa = PBXBuildFile; fileRef = 6D423F651E44D7F500DFC8B9 /* BookmarkManager.swift */; };
		6D55F38B1E437F7700C88276 /* ProfileTools.swift in Sources */ = {isa = PBXBuildFile; fileRef = 6D55F38A1E437F7700C88276 /* ProfileTools.swift */; };
		6D95FF241E49F37E00FB070F /* FrameworkIntegrationTests.swift in Sources */ = {isa = PBXBuildFile; fileRef = 6D95FF231E49F37E00FB070F /* FrameworkIntegrationTests.swift */; };
		6D95FF271E49FC3800FB070F /* ProfileTools.swift in Sources */ = {isa = PBXBuildFile; fileRef = 6D55F38A1E437F7700C88276 /* ProfileTools.swift */; };
		6D95FF2B1E4A1AB300FB070F /* PermissionTests.swift in Sources */ = {isa = PBXBuildFile; fileRef = 6D95FF2A1E4A1AB300FB070F /* PermissionTests.swift */; };
		6DC4A1D41E40F823005B6CAD /* HelpViewController.swift in Sources */ = {isa = PBXBuildFile; fileRef = 6DC4A1D31E40F823005B6CAD /* HelpViewController.swift */; };
		6DC4A1DA1E40F8CB005B6CAD /* DiscoverViewController.swift in Sources */ = {isa = PBXBuildFile; fileRef = 6DC4A1D91E40F8CB005B6CAD /* DiscoverViewController.swift */; };
		6DC4A1E11E40F9F1005B6CAD /* PairingViewController.swift in Sources */ = {isa = PBXBuildFile; fileRef = 6DC4A1E01E40F9F1005B6CAD /* PairingViewController.swift */; };
		6DC4A1F41E42633F005B6CAD /* CustomTableViewCells.swift in Sources */ = {isa = PBXBuildFile; fileRef = 6DC4A1F31E42633F005B6CAD /* CustomTableViewCells.swift */; };
		D455B17C28A51AA90011FD72 /* PairingConfirmedViewController.swift in Sources */ = {isa = PBXBuildFile; fileRef = D455B17B28A51AA90011FD72 /* PairingConfirmedViewController.swift */; };
		E920BF4ED2BF593C202BEC73 /* SettingsViewController.swift in Sources */ = {isa = PBXBuildFile; fileRef = E92CFE5D0CBAE893C601FF2F /* SettingsViewController.swift */; };
		E920D288C89CD29330CB4CD9 /* DiscoverViewController.swift in Sources */ = {isa = PBXBuildFile; fileRef = 6DC4A1D91E40F8CB005B6CAD /* DiscoverViewController.swift */; };
		E92248EECE69F6EA40964931 /* CustomTableViewCells.swift in Sources */ = {isa = PBXBuildFile; fileRef = 6DC4A1F31E42633F005B6CAD /* CustomTableViewCells.swift */; };
		E922EC96B5E07D077263B6DB /* PairingConfirmedViewController.swift in Sources */ = {isa = PBXBuildFile; fileRef = D455B17B28A51AA90011FD72 /* PairingConfirmedViewController.swift */; };
		E922F5AB9231ED6A6EA7A90B /* SettingsViewController.swift in Sources */ = {isa = PBXBuildFile; fileRef = E92CFE5D0CBAE893C601FF2F /* SettingsViewController.swift */; };
		E923FA3A83FCB313501BA333 /* DeviceDetailsViewController.swift in Sources */ = {isa = PBXBuildFile; fileRef = E92A91311C62C726F2ECEB44 /* DeviceDetailsViewController.swift */; };
		E924551915F078D5573D2794 /* PairingViewController.swift in Sources */ = {isa = PBXBuildFile; fileRef = 6DC4A1E01E40F9F1005B6CAD /* PairingViewController.swift */; };
		E92590D603F5D8FABBE76426 /* EdgeManagerTests.swift in Sources */ = {isa = PBXBuildFile; fileRef = E92ABEF8BBC6C0A9BC56081D /* EdgeManagerTests.swift */; };
		E925A99A044E21183A45F4E3 /* StoryboardHelper.swift in Sources */ = {isa = PBXBuildFile; fileRef = E92C4A9D68545E91636267D8 /* StoryboardHelper.swift */; };
		E9296EB40EB6A206D1D7BD5C /* EdgeDeviceViewController.swift in Sources */ = {isa = PBXBuildFile; fileRef = E92F3664964C147CDB567669 /* EdgeDeviceViewController.swift */; };
		E929A104DC701DA1AE31ED84 /* AddDeviceViewController.swift in Sources */ = {isa = PBXBuildFile; fileRef = E9272A38B76AF9CE5C3FE8CF /* AddDeviceViewController.swift */; };
		E92A38C0D6987C838BE90500 /* HelpViewController.swift in Sources */ = {isa = PBXBuildFile; fileRef = 6DC4A1D31E40F823005B6CAD /* HelpViewController.swift */; };
		E92B3EED654E44CDD80E089D /* EdgeConnectionManager.swift in Sources */ = {isa = PBXBuildFile; fileRef = E9223BABCA33CFC89FFAB851 /* EdgeConnectionManager.swift */; };
		E92C62AAB6F61B78FE4E571A /* StoryboardHelper.swift in Sources */ = {isa = PBXBuildFile; fileRef = E92C4A9D68545E91636267D8 /* StoryboardHelper.swift */; };
		E92DFA06F9E1E0BBD1692EC9 /* EdgeConnectionManager.swift in Sources */ = {isa = PBXBuildFile; fileRef = E9223BABCA33CFC89FFAB851 /* EdgeConnectionManager.swift */; };
		E92E8FF5FC51BC5DF6F94B35 /* EdgeDeviceViewController.swift in Sources */ = {isa = PBXBuildFile; fileRef = E92F3664964C147CDB567669 /* EdgeDeviceViewController.swift */; };
		E92EFE84DCB7E34F1631EA62 /* DeviceDetailsViewController.swift in Sources */ = {isa = PBXBuildFile; fileRef = E92A91311C62C726F2ECEB44 /* DeviceDetailsViewController.swift */; };
		E92F9082DBA9B75261176A39 /* OverviewViewController.swift in Sources */ = {isa = PBXBuildFile; fileRef = 6D04A6DC1E3F4C4800DD9F70 /* OverviewViewController.swift */; };
		E92FC3EBBDC9264942C1A7FB /* AddDeviceViewController.swift in Sources */ = {isa = PBXBuildFile; fileRef = E9272A38B76AF9CE5C3FE8CF /* AddDeviceViewController.swift */; };
/* End PBXBuildFile section */

/* Begin PBXContainerItemProxy section */
		6D04A6EC1E3F4C4800DD9F70 /* PBXContainerItemProxy */ = {
			isa = PBXContainerItemProxy;
			containerPortal = 6D04A6CF1E3F4C4800DD9F70 /* Project object */;
			proxyType = 1;
			remoteGlobalIDString = 6D04A6D61E3F4C4800DD9F70;
			remoteInfo = NabtoEdgeVideo;
		};
/* End PBXContainerItemProxy section */

/* Begin PBXFileReference section */
		126D11F565C20E827BAB6FD4 /* Pods_Nabto_Edge_Webview.framework */ = {isa = PBXFileReference; explicitFileType = wrapper.framework; includeInIndex = 0; path = Pods_Nabto_Edge_Webview.framework; sourceTree = BUILT_PRODUCTS_DIR; };
		1F9D2E967173336694101711 /* Pods-Nabto Edge Webview.release.xcconfig */ = {isa = PBXFileReference; includeInIndex = 1; lastKnownFileType = text.xcconfig; name = "Pods-Nabto Edge Webview.release.xcconfig"; path = "Target Support Files/Pods-Nabto Edge Webview/Pods-Nabto Edge Webview.release.xcconfig"; sourceTree = "<group>"; };
		38ACE60244CD232FE27564C7 /* Pods-NabtoEdgeWebviewTests.debug.xcconfig */ = {isa = PBXFileReference; includeInIndex = 1; lastKnownFileType = text.xcconfig; name = "Pods-NabtoEdgeWebviewTests.debug.xcconfig"; path = "Target Support Files/Pods-NabtoEdgeWebviewTests/Pods-NabtoEdgeWebviewTests.debug.xcconfig"; sourceTree = "<group>"; };
		3984BC81D430E3673E4F53A3 /* Pods-Nabto Edge Webview.debug.xcconfig */ = {isa = PBXFileReference; includeInIndex = 1; lastKnownFileType = text.xcconfig; name = "Pods-Nabto Edge Webview.debug.xcconfig"; path = "Target Support Files/Pods-Nabto Edge Webview/Pods-Nabto Edge Webview.debug.xcconfig"; sourceTree = "<group>"; };
		418369131D7B7FFCF8F490C7 /* Pods-NabtoEdgeWebviewTests.release.xcconfig */ = {isa = PBXFileReference; includeInIndex = 1; lastKnownFileType = text.xcconfig; name = "Pods-NabtoEdgeWebviewTests.release.xcconfig"; path = "Target Support Files/Pods-NabtoEdgeWebviewTests/Pods-NabtoEdgeWebviewTests.release.xcconfig"; sourceTree = "<group>"; };
		4236EDAD299E72210049A425 /* AssetsLibrary.framework */ = {isa = PBXFileReference; lastKnownFileType = wrapper.framework; name = AssetsLibrary.framework; path = System/Library/Frameworks/AssetsLibrary.framework; sourceTree = SDKROOT; };
		60B3B9F30465A67F31792960 /* Pods_NabtoEdgeWebviewTests.framework */ = {isa = PBXFileReference; explicitFileType = wrapper.framework; includeInIndex = 0; path = Pods_NabtoEdgeWebviewTests.framework; sourceTree = BUILT_PRODUCTS_DIR; };
		6D04A6D71E3F4C4800DD9F70 /* Nabto Edge Webview.app */ = {isa = PBXFileReference; explicitFileType = wrapper.application; includeInIndex = 0; path = "Nabto Edge Webview.app"; sourceTree = BUILT_PRODUCTS_DIR; };
		6D04A6DA1E3F4C4800DD9F70 /* AppDelegate.swift */ = {isa = PBXFileReference; lastKnownFileType = sourcecode.swift; path = AppDelegate.swift; sourceTree = "<group>"; };
		6D04A6DC1E3F4C4800DD9F70 /* OverviewViewController.swift */ = {isa = PBXFileReference; lastKnownFileType = sourcecode.swift; path = OverviewViewController.swift; sourceTree = "<group>"; };
		6D04A6DF1E3F4C4800DD9F70 /* Base */ = {isa = PBXFileReference; lastKnownFileType = file.storyboard; name = Base; path = Base.lproj/Main.storyboard; sourceTree = "<group>"; };
		6D04A6E11E3F4C4800DD9F70 /* Assets.xcassets */ = {isa = PBXFileReference; lastKnownFileType = folder.assetcatalog; path = Assets.xcassets; sourceTree = "<group>"; };
		6D04A6E41E3F4C4800DD9F70 /* Base */ = {isa = PBXFileReference; lastKnownFileType = file.storyboard; name = Base; path = Base.lproj/LaunchScreen.storyboard; sourceTree = "<group>"; };
		6D04A6E61E3F4C4800DD9F70 /* Info.plist */ = {isa = PBXFileReference; lastKnownFileType = text.plist.xml; path = Info.plist; sourceTree = "<group>"; };
		6D04A6EB1E3F4C4800DD9F70 /* NabtoEdgeWebviewTests.xctest */ = {isa = PBXFileReference; explicitFileType = wrapper.cfbundle; includeInIndex = 0; path = NabtoEdgeWebviewTests.xctest; sourceTree = BUILT_PRODUCTS_DIR; };
		6D04A6EF1E3F4C4800DD9F70 /* OtherTests.swift */ = {isa = PBXFileReference; lastKnownFileType = sourcecode.swift; path = OtherTests.swift; sourceTree = "<group>"; };
		6D04A6F11E3F4C4800DD9F70 /* Info.plist */ = {isa = PBXFileReference; lastKnownFileType = text.plist.xml; path = Info.plist; sourceTree = "<group>"; };
		6D04A70B1E3F53C900DD9F70 /* NabtoEdgeWebview-Bridging-Header.h */ = {isa = PBXFileReference; fileEncoding = 4; lastKnownFileType = sourcecode.c.h; path = "NabtoEdgeWebview-Bridging-Header.h"; sourceTree = "<group>"; };
		6D04A7471E3F57E900DD9F70 /* Foundation.framework */ = {isa = PBXFileReference; lastKnownFileType = wrapper.framework; name = Foundation.framework; path = System/Library/Frameworks/Foundation.framework; sourceTree = SDKROOT; };
		6D04A7531E3F59BF00DD9F70 /* QuartzCore.framework */ = {isa = PBXFileReference; lastKnownFileType = wrapper.framework; name = QuartzCore.framework; path = System/Library/Frameworks/QuartzCore.framework; sourceTree = SDKROOT; };
		6D04A7541E3F59BF00DD9F70 /* UIKit.framework */ = {isa = PBXFileReference; lastKnownFileType = wrapper.framework; name = UIKit.framework; path = System/Library/Frameworks/UIKit.framework; sourceTree = SDKROOT; };
		6D16D8D71E4963C90093B4B1 /* libnabto_client_api_static.a */ = {isa = PBXFileReference; lastKnownFileType = archive.ar; name = libnabto_client_api_static.a; path = Libs/nabto/ios/lib/libnabto_client_api_static.a; sourceTree = "<group>"; };
		6D16D8D81E4963C90093B4B1 /* libnabto_static_external.a */ = {isa = PBXFileReference; lastKnownFileType = archive.ar; name = libnabto_static_external.a; path = Libs/nabto/ios/lib/libnabto_static_external.a; sourceTree = "<group>"; };
		6D423F651E44D7F500DFC8B9 /* BookmarkManager.swift */ = {isa = PBXFileReference; fileEncoding = 4; lastKnownFileType = sourcecode.swift; path = BookmarkManager.swift; sourceTree = "<group>"; };
		6D55F38A1E437F7700C88276 /* ProfileTools.swift */ = {isa = PBXFileReference; fileEncoding = 4; lastKnownFileType = sourcecode.swift; path = ProfileTools.swift; sourceTree = "<group>"; };
		6D95FF231E49F37E00FB070F /* FrameworkIntegrationTests.swift */ = {isa = PBXFileReference; fileEncoding = 4; lastKnownFileType = sourcecode.swift; path = FrameworkIntegrationTests.swift; sourceTree = "<group>"; };
		6D95FF2A1E4A1AB300FB070F /* PermissionTests.swift */ = {isa = PBXFileReference; fileEncoding = 4; lastKnownFileType = sourcecode.swift; path = PermissionTests.swift; sourceTree = "<group>"; };
		6DC4A1D31E40F823005B6CAD /* HelpViewController.swift */ = {isa = PBXFileReference; fileEncoding = 4; lastKnownFileType = sourcecode.swift; path = HelpViewController.swift; sourceTree = "<group>"; };
		6DC4A1D91E40F8CB005B6CAD /* DiscoverViewController.swift */ = {isa = PBXFileReference; fileEncoding = 4; lastKnownFileType = sourcecode.swift; path = DiscoverViewController.swift; sourceTree = "<group>"; };
		6DC4A1E01E40F9F1005B6CAD /* PairingViewController.swift */ = {isa = PBXFileReference; fileEncoding = 4; lastKnownFileType = sourcecode.swift; path = PairingViewController.swift; sourceTree = "<group>"; };
		6DC4A1F31E42633F005B6CAD /* CustomTableViewCells.swift */ = {isa = PBXFileReference; fileEncoding = 4; lastKnownFileType = sourcecode.swift; path = CustomTableViewCells.swift; sourceTree = "<group>"; };
		D455B17B28A51AA90011FD72 /* PairingConfirmedViewController.swift */ = {isa = PBXFileReference; lastKnownFileType = sourcecode.swift; path = PairingConfirmedViewController.swift; sourceTree = "<group>"; };
		E9223BABCA33CFC89FFAB851 /* EdgeConnectionManager.swift */ = {isa = PBXFileReference; fileEncoding = 4; lastKnownFileType = sourcecode.swift; path = EdgeConnectionManager.swift; sourceTree = "<group>"; };
		E9272A38B76AF9CE5C3FE8CF /* AddDeviceViewController.swift */ = {isa = PBXFileReference; fileEncoding = 4; lastKnownFileType = sourcecode.swift; path = AddDeviceViewController.swift; sourceTree = "<group>"; };
		E92A91311C62C726F2ECEB44 /* DeviceDetailsViewController.swift */ = {isa = PBXFileReference; fileEncoding = 4; lastKnownFileType = sourcecode.swift; path = DeviceDetailsViewController.swift; sourceTree = "<group>"; };
		E92ABEF8BBC6C0A9BC56081D /* EdgeManagerTests.swift */ = {isa = PBXFileReference; fileEncoding = 4; lastKnownFileType = sourcecode.swift; path = EdgeManagerTests.swift; sourceTree = "<group>"; };
		E92C4A9D68545E91636267D8 /* StoryboardHelper.swift */ = {isa = PBXFileReference; fileEncoding = 4; lastKnownFileType = sourcecode.swift; path = StoryboardHelper.swift; sourceTree = "<group>"; };
		E92CFE5D0CBAE893C601FF2F /* SettingsViewController.swift */ = {isa = PBXFileReference; fileEncoding = 4; lastKnownFileType = sourcecode.swift; path = SettingsViewController.swift; sourceTree = "<group>"; };
		E92F3664964C147CDB567669 /* EdgeDeviceViewController.swift */ = {isa = PBXFileReference; fileEncoding = 4; lastKnownFileType = sourcecode.swift; path = EdgeDeviceViewController.swift; sourceTree = "<group>"; };
/* End PBXFileReference section */

/* Begin PBXFrameworksBuildPhase section */
		6D04A6D41E3F4C4800DD9F70 /* Frameworks */ = {
			isa = PBXFrameworksBuildPhase;
			buildActionMask = 2147483647;
			files = (
				6D04A7551E3F59BF00DD9F70 /* QuartzCore.framework in Frameworks */,
				6D04A7561E3F59BF00DD9F70 /* UIKit.framework in Frameworks */,
				4236EDAE299E72210049A425 /* AssetsLibrary.framework in Frameworks */,
				6D04A7481E3F57E900DD9F70 /* Foundation.framework in Frameworks */,
				009A708D1F3434E15D73F5F5 /* Pods_Nabto_Edge_Webview.framework in Frameworks */,
			);
			runOnlyForDeploymentPostprocessing = 0;
		};
		6D04A6E81E3F4C4800DD9F70 /* Frameworks */ = {
			isa = PBXFrameworksBuildPhase;
			buildActionMask = 2147483647;
			files = (
				45022383759B3A4BBF3A7F7F /* Pods_NabtoEdgeWebviewTests.framework in Frameworks */,
			);
			runOnlyForDeploymentPostprocessing = 0;
		};
/* End PBXFrameworksBuildPhase section */

/* Begin PBXGroup section */
		6D04A6CE1E3F4C4800DD9F70 = {
			isa = PBXGroup;
			children = (
				6D04A6D91E3F4C4800DD9F70 /* NabtoEdgeWebview */,
				6D04A6EE1E3F4C4800DD9F70 /* NabtoEdgeWebviewTests */,
				6D04A6D81E3F4C4800DD9F70 /* Products */,
				6D04A6FA1E3F50F700DD9F70 /* Frameworks */,
				AA0321A961738372158382D1 /* Pods */,
			);
			sourceTree = "<group>";
		};
		6D04A6D81E3F4C4800DD9F70 /* Products */ = {
			isa = PBXGroup;
			children = (
				6D04A6D71E3F4C4800DD9F70 /* Nabto Edge Webview.app */,
				6D04A6EB1E3F4C4800DD9F70 /* NabtoEdgeWebviewTests.xctest */,
			);
			name = Products;
			sourceTree = "<group>";
		};
		6D04A6D91E3F4C4800DD9F70 /* NabtoEdgeWebview */ = {
			isa = PBXGroup;
			children = (
				6DC4A1CF1E40F766005B6CAD /* ViewControllers */,
				6DC4A1E41E4101D3005B6CAD /* Services */,
				6D04A6DA1E3F4C4800DD9F70 /* AppDelegate.swift */,
				6D04A6DE1E3F4C4800DD9F70 /* Main.storyboard */,
				6D04A7051E3F51EB00DD9F70 /* Supporting files */,
			);
			path = NabtoEdgeWebview;
			sourceTree = "<group>";
		};
		6D04A6EE1E3F4C4800DD9F70 /* NabtoEdgeWebviewTests */ = {
			isa = PBXGroup;
			children = (
				6D95FF231E49F37E00FB070F /* FrameworkIntegrationTests.swift */,
				6D95FF2A1E4A1AB300FB070F /* PermissionTests.swift */,
				6D04A6EF1E3F4C4800DD9F70 /* OtherTests.swift */,
				6D04A6F11E3F4C4800DD9F70 /* Info.plist */,
				E92ABEF8BBC6C0A9BC56081D /* EdgeManagerTests.swift */,
			);
			path = NabtoEdgeWebviewTests;
			sourceTree = "<group>";
		};
		6D04A6FA1E3F50F700DD9F70 /* Frameworks */ = {
			isa = PBXGroup;
			children = (
				4236EDAD299E72210049A425 /* AssetsLibrary.framework */,
				6D16D8D71E4963C90093B4B1 /* libnabto_client_api_static.a */,
				6D16D8D81E4963C90093B4B1 /* libnabto_static_external.a */,
				6D04A7531E3F59BF00DD9F70 /* QuartzCore.framework */,
				6D04A7541E3F59BF00DD9F70 /* UIKit.framework */,
				6D04A7471E3F57E900DD9F70 /* Foundation.framework */,
				126D11F565C20E827BAB6FD4 /* Pods_Nabto_Edge_Webview.framework */,
				60B3B9F30465A67F31792960 /* Pods_NabtoEdgeWebviewTests.framework */,
			);
			name = Frameworks;
			sourceTree = "<group>";
		};
		6D04A7051E3F51EB00DD9F70 /* Supporting files */ = {
			isa = PBXGroup;
			children = (
				6D04A6E11E3F4C4800DD9F70 /* Assets.xcassets */,
				6D04A6E31E3F4C4800DD9F70 /* LaunchScreen.storyboard */,
				6D04A70B1E3F53C900DD9F70 /* NabtoEdgeWebview-Bridging-Header.h */,
				6D04A6E61E3F4C4800DD9F70 /* Info.plist */,
			);
			name = "Supporting files";
			sourceTree = "<group>";
		};
		6DC4A1CF1E40F766005B6CAD /* ViewControllers */ = {
			isa = PBXGroup;
			children = (
				6D04A6DC1E3F4C4800DD9F70 /* OverviewViewController.swift */,
				6DC4A1D91E40F8CB005B6CAD /* DiscoverViewController.swift */,
				6DC4A1E01E40F9F1005B6CAD /* PairingViewController.swift */,
				6DC4A1D31E40F823005B6CAD /* HelpViewController.swift */,
				6DC4A1F31E42633F005B6CAD /* CustomTableViewCells.swift */,
				D455B17B28A51AA90011FD72 /* PairingConfirmedViewController.swift */,
				E9272A38B76AF9CE5C3FE8CF /* AddDeviceViewController.swift */,
				E92CFE5D0CBAE893C601FF2F /* SettingsViewController.swift */,
				E92A91311C62C726F2ECEB44 /* DeviceDetailsViewController.swift */,
				E92F3664964C147CDB567669 /* EdgeDeviceViewController.swift */,
				E92C4A9D68545E91636267D8 /* StoryboardHelper.swift */,
			);
			name = ViewControllers;
			sourceTree = "<group>";
		};
		6DC4A1E41E4101D3005B6CAD /* Services */ = {
			isa = PBXGroup;
			children = (
				6D423F651E44D7F500DFC8B9 /* BookmarkManager.swift */,
				6D55F38A1E437F7700C88276 /* ProfileTools.swift */,
				E9223BABCA33CFC89FFAB851 /* EdgeConnectionManager.swift */,
			);
			name = Services;
			sourceTree = "<group>";
		};
		AA0321A961738372158382D1 /* Pods */ = {
			isa = PBXGroup;
			children = (
				3984BC81D430E3673E4F53A3 /* Pods-Nabto Edge Webview.debug.xcconfig */,
				1F9D2E967173336694101711 /* Pods-Nabto Edge Webview.release.xcconfig */,
				38ACE60244CD232FE27564C7 /* Pods-NabtoEdgeWebviewTests.debug.xcconfig */,
				418369131D7B7FFCF8F490C7 /* Pods-NabtoEdgeWebviewTests.release.xcconfig */,
			);
			path = Pods;
			sourceTree = "<group>";
		};
/* End PBXGroup section */

/* Begin PBXNativeTarget section */
		6D04A6D61E3F4C4800DD9F70 /* Nabto Edge Webview */ = {
			isa = PBXNativeTarget;
			buildConfigurationList = 6D04A6F41E3F4C4800DD9F70 /* Build configuration list for PBXNativeTarget "Nabto Edge Webview" */;
			buildPhases = (
				A24CBFF16965FAE1449823DC /* [CP] Check Pods Manifest.lock */,
				6D04A6D31E3F4C4800DD9F70 /* Sources */,
				6D04A6D41E3F4C4800DD9F70 /* Frameworks */,
				6D04A6D51E3F4C4800DD9F70 /* Resources */,
				FE3FCDBC6D7D6136DD80510A /* [CP] Embed Pods Frameworks */,
			);
			buildRules = (
			);
			dependencies = (
			);
			name = "Nabto Edge Webview";
			productName = NabtoEdgeVideo;
			productReference = 6D04A6D71E3F4C4800DD9F70 /* Nabto Edge Webview.app */;
			productType = "com.apple.product-type.application";
		};
		6D04A6EA1E3F4C4800DD9F70 /* NabtoEdgeWebviewTests */ = {
			isa = PBXNativeTarget;
			buildConfigurationList = 6D04A6F71E3F4C4800DD9F70 /* Build configuration list for PBXNativeTarget "NabtoEdgeWebviewTests" */;
			buildPhases = (
				F079587CC37B286788DF8046 /* [CP] Check Pods Manifest.lock */,
				6D04A6E71E3F4C4800DD9F70 /* Sources */,
				6D04A6E81E3F4C4800DD9F70 /* Frameworks */,
				6D04A6E91E3F4C4800DD9F70 /* Resources */,
				621A9C14AB34EB134275A0F8 /* [CP] Embed Pods Frameworks */,
			);
			buildRules = (
			);
			dependencies = (
				6D04A6ED1E3F4C4800DD9F70 /* PBXTargetDependency */,
			);
			name = NabtoEdgeWebviewTests;
			productName = NabtoEdgeVideoTests;
			productReference = 6D04A6EB1E3F4C4800DD9F70 /* NabtoEdgeWebviewTests.xctest */;
			productType = "com.apple.product-type.bundle.unit-test";
		};
/* End PBXNativeTarget section */

/* Begin PBXProject section */
		6D04A6CF1E3F4C4800DD9F70 /* Project object */ = {
			isa = PBXProject;
			attributes = {
				LastSwiftUpdateCheck = 0810;
				LastUpgradeCheck = 0820;
				ORGANIZATIONNAME = Nabto;
				TargetAttributes = {
					6D04A6D61E3F4C4800DD9F70 = {
						CreatedOnToolsVersion = 8.1;
						DevelopmentTeam = E55K8RCV2E;
						ProvisioningStyle = Automatic;
					};
					6D04A6EA1E3F4C4800DD9F70 = {
						CreatedOnToolsVersion = 8.1;
						ProvisioningStyle = Automatic;
						TestTargetID = 6D04A6D61E3F4C4800DD9F70;
					};
				};
			};
			buildConfigurationList = 6D04A6D21E3F4C4800DD9F70 /* Build configuration list for PBXProject "NabtoEdgeWebview" */;
			compatibilityVersion = "Xcode 3.2";
			developmentRegion = English;
			hasScannedForEncodings = 0;
			knownRegions = (
				English,
				en,
				Base,
			);
			mainGroup = 6D04A6CE1E3F4C4800DD9F70;
			productRefGroup = 6D04A6D81E3F4C4800DD9F70 /* Products */;
			projectDirPath = "";
			projectRoot = "";
			targets = (
				6D04A6D61E3F4C4800DD9F70 /* Nabto Edge Webview */,
				6D04A6EA1E3F4C4800DD9F70 /* NabtoEdgeWebviewTests */,
			);
		};
/* End PBXProject section */

/* Begin PBXResourcesBuildPhase section */
		6D04A6D51E3F4C4800DD9F70 /* Resources */ = {
			isa = PBXResourcesBuildPhase;
			buildActionMask = 2147483647;
			files = (
				6D04A6E51E3F4C4800DD9F70 /* LaunchScreen.storyboard in Resources */,
				6D04A6E21E3F4C4800DD9F70 /* Assets.xcassets in Resources */,
				6D04A6E01E3F4C4800DD9F70 /* Main.storyboard in Resources */,
			);
			runOnlyForDeploymentPostprocessing = 0;
		};
		6D04A6E91E3F4C4800DD9F70 /* Resources */ = {
			isa = PBXResourcesBuildPhase;
			buildActionMask = 2147483647;
			files = (
			);
			runOnlyForDeploymentPostprocessing = 0;
		};
/* End PBXResourcesBuildPhase section */

/* Begin PBXShellScriptBuildPhase section */
		621A9C14AB34EB134275A0F8 /* [CP] Embed Pods Frameworks */ = {
			isa = PBXShellScriptBuildPhase;
			buildActionMask = 2147483647;
			files = (
			);
			inputPaths = (
				"${PODS_ROOT}/Target Support Files/Pods-NabtoEdgeWebviewTests/Pods-NabtoEdgeWebviewTests-frameworks.sh",
				"${BUILT_PRODUCTS_DIR}/CBORCoding/CBORCoding.framework",
				"${BUILT_PRODUCTS_DIR}/Half/Half.framework",
				"${BUILT_PRODUCTS_DIR}/IQKeyboardManagerSwift/IQKeyboardManagerSwift.framework",
				"${BUILT_PRODUCTS_DIR}/MarqueeLabel/MarqueeLabel.framework",
				"${BUILT_PRODUCTS_DIR}/NotificationBannerSwift/NotificationBannerSwift.framework",
				"${BUILT_PRODUCTS_DIR}/SnapKit/SnapKit.framework",
				"${PODS_XCFRAMEWORKS_BUILD_DIR}/NabtoEdgeClientSwift/NabtoEdgeClient.framework/NabtoEdgeClient",
				"${PODS_XCFRAMEWORKS_BUILD_DIR}/NabtoEdgeIamUtil/NabtoEdgeIamUtil.framework/NabtoEdgeIamUtil",
			);
			name = "[CP] Embed Pods Frameworks";
			outputPaths = (
				"${TARGET_BUILD_DIR}/${FRAMEWORKS_FOLDER_PATH}/CBORCoding.framework",
				"${TARGET_BUILD_DIR}/${FRAMEWORKS_FOLDER_PATH}/Half.framework",
				"${TARGET_BUILD_DIR}/${FRAMEWORKS_FOLDER_PATH}/IQKeyboardManagerSwift.framework",
				"${TARGET_BUILD_DIR}/${FRAMEWORKS_FOLDER_PATH}/MarqueeLabel.framework",
				"${TARGET_BUILD_DIR}/${FRAMEWORKS_FOLDER_PATH}/NotificationBannerSwift.framework",
				"${TARGET_BUILD_DIR}/${FRAMEWORKS_FOLDER_PATH}/SnapKit.framework",
				"${TARGET_BUILD_DIR}/${FRAMEWORKS_FOLDER_PATH}/NabtoEdgeClient.framework",
				"${TARGET_BUILD_DIR}/${FRAMEWORKS_FOLDER_PATH}/NabtoEdgeIamUtil.framework",
			);
			runOnlyForDeploymentPostprocessing = 0;
			shellPath = /bin/sh;
			shellScript = "\"${PODS_ROOT}/Target Support Files/Pods-NabtoEdgeWebviewTests/Pods-NabtoEdgeWebviewTests-frameworks.sh\"\n";
			showEnvVarsInLog = 0;
		};
		A24CBFF16965FAE1449823DC /* [CP] Check Pods Manifest.lock */ = {
			isa = PBXShellScriptBuildPhase;
			buildActionMask = 2147483647;
			files = (
			);
			inputFileListPaths = (
			);
			inputPaths = (
				"${PODS_PODFILE_DIR_PATH}/Podfile.lock",
				"${PODS_ROOT}/Manifest.lock",
			);
			name = "[CP] Check Pods Manifest.lock";
			outputFileListPaths = (
			);
			outputPaths = (
				"$(DERIVED_FILE_DIR)/Pods-Nabto Edge Webview-checkManifestLockResult.txt",
			);
			runOnlyForDeploymentPostprocessing = 0;
			shellPath = /bin/sh;
			shellScript = "diff \"${PODS_PODFILE_DIR_PATH}/Podfile.lock\" \"${PODS_ROOT}/Manifest.lock\" > /dev/null\nif [ $? != 0 ] ; then\n    # print error to STDERR\n    echo \"error: The sandbox is not in sync with the Podfile.lock. Run 'pod install' or update your CocoaPods installation.\" >&2\n    exit 1\nfi\n# This output is used by Xcode 'outputs' to avoid re-running this script phase.\necho \"SUCCESS\" > \"${SCRIPT_OUTPUT_FILE_0}\"\n";
			showEnvVarsInLog = 0;
		};
		F079587CC37B286788DF8046 /* [CP] Check Pods Manifest.lock */ = {
			isa = PBXShellScriptBuildPhase;
			buildActionMask = 2147483647;
			files = (
			);
			inputFileListPaths = (
			);
			inputPaths = (
				"${PODS_PODFILE_DIR_PATH}/Podfile.lock",
				"${PODS_ROOT}/Manifest.lock",
			);
			name = "[CP] Check Pods Manifest.lock";
			outputFileListPaths = (
			);
			outputPaths = (
				"$(DERIVED_FILE_DIR)/Pods-NabtoEdgeWebviewTests-checkManifestLockResult.txt",
			);
			runOnlyForDeploymentPostprocessing = 0;
			shellPath = /bin/sh;
			shellScript = "diff \"${PODS_PODFILE_DIR_PATH}/Podfile.lock\" \"${PODS_ROOT}/Manifest.lock\" > /dev/null\nif [ $? != 0 ] ; then\n    # print error to STDERR\n    echo \"error: The sandbox is not in sync with the Podfile.lock. Run 'pod install' or update your CocoaPods installation.\" >&2\n    exit 1\nfi\n# This output is used by Xcode 'outputs' to avoid re-running this script phase.\necho \"SUCCESS\" > \"${SCRIPT_OUTPUT_FILE_0}\"\n";
			showEnvVarsInLog = 0;
		};
		FE3FCDBC6D7D6136DD80510A /* [CP] Embed Pods Frameworks */ = {
			isa = PBXShellScriptBuildPhase;
			buildActionMask = 2147483647;
			files = (
			);
			inputPaths = (
				"${PODS_ROOT}/Target Support Files/Pods-Nabto Edge Webview/Pods-Nabto Edge Webview-frameworks.sh",
				"${BUILT_PRODUCTS_DIR}/CBORCoding/CBORCoding.framework",
				"${BUILT_PRODUCTS_DIR}/Half/Half.framework",
				"${BUILT_PRODUCTS_DIR}/IQKeyboardManagerSwift/IQKeyboardManagerSwift.framework",
				"${BUILT_PRODUCTS_DIR}/MarqueeLabel/MarqueeLabel.framework",
				"${BUILT_PRODUCTS_DIR}/NotificationBannerSwift/NotificationBannerSwift.framework",
				"${BUILT_PRODUCTS_DIR}/SnapKit/SnapKit.framework",
				"${PODS_XCFRAMEWORKS_BUILD_DIR}/NabtoEdgeClientSwift/NabtoEdgeClient.framework/NabtoEdgeClient",
				"${PODS_XCFRAMEWORKS_BUILD_DIR}/NabtoEdgeIamUtil/NabtoEdgeIamUtil.framework/NabtoEdgeIamUtil",
			);
			name = "[CP] Embed Pods Frameworks";
			outputPaths = (
				"${TARGET_BUILD_DIR}/${FRAMEWORKS_FOLDER_PATH}/CBORCoding.framework",
				"${TARGET_BUILD_DIR}/${FRAMEWORKS_FOLDER_PATH}/Half.framework",
				"${TARGET_BUILD_DIR}/${FRAMEWORKS_FOLDER_PATH}/IQKeyboardManagerSwift.framework",
				"${TARGET_BUILD_DIR}/${FRAMEWORKS_FOLDER_PATH}/MarqueeLabel.framework",
				"${TARGET_BUILD_DIR}/${FRAMEWORKS_FOLDER_PATH}/NotificationBannerSwift.framework",
				"${TARGET_BUILD_DIR}/${FRAMEWORKS_FOLDER_PATH}/SnapKit.framework",
				"${TARGET_BUILD_DIR}/${FRAMEWORKS_FOLDER_PATH}/NabtoEdgeClient.framework",
				"${TARGET_BUILD_DIR}/${FRAMEWORKS_FOLDER_PATH}/NabtoEdgeIamUtil.framework",
			);
			runOnlyForDeploymentPostprocessing = 0;
			shellPath = /bin/sh;
			shellScript = "\"${PODS_ROOT}/Target Support Files/Pods-Nabto Edge Webview/Pods-Nabto Edge Webview-frameworks.sh\"\n";
			showEnvVarsInLog = 0;
		};
/* End PBXShellScriptBuildPhase section */

/* Begin PBXSourcesBuildPhase section */
		6D04A6D31E3F4C4800DD9F70 /* Sources */ = {
			isa = PBXSourcesBuildPhase;
			buildActionMask = 2147483647;
			files = (
				D455B17C28A51AA90011FD72 /* PairingConfirmedViewController.swift in Sources */,
				6DC4A1F41E42633F005B6CAD /* CustomTableViewCells.swift in Sources */,
				6D04A6DD1E3F4C4800DD9F70 /* OverviewViewController.swift in Sources */,
				6D55F38B1E437F7700C88276 /* ProfileTools.swift in Sources */,
				6DC4A1E11E40F9F1005B6CAD /* PairingViewController.swift in Sources */,
				6D04A6DB1E3F4C4800DD9F70 /* AppDelegate.swift in Sources */,
				6DC4A1DA1E40F8CB005B6CAD /* DiscoverViewController.swift in Sources */,
				6D423F661E44D7F600DFC8B9 /* BookmarkManager.swift in Sources */,
				6DC4A1D41E40F823005B6CAD /* HelpViewController.swift in Sources */,
				E92DFA06F9E1E0BBD1692EC9 /* EdgeConnectionManager.swift in Sources */,
				E92FC3EBBDC9264942C1A7FB /* AddDeviceViewController.swift in Sources */,
				E920BF4ED2BF593C202BEC73 /* SettingsViewController.swift in Sources */,
				E923FA3A83FCB313501BA333 /* DeviceDetailsViewController.swift in Sources */,
				E92E8FF5FC51BC5DF6F94B35 /* EdgeDeviceViewController.swift in Sources */,
				E925A99A044E21183A45F4E3 /* StoryboardHelper.swift in Sources */,
			);
			runOnlyForDeploymentPostprocessing = 0;
		};
		6D04A6E71E3F4C4800DD9F70 /* Sources */ = {
			isa = PBXSourcesBuildPhase;
			buildActionMask = 2147483647;
			files = (
				6D95FF241E49F37E00FB070F /* FrameworkIntegrationTests.swift in Sources */,
				6D95FF2B1E4A1AB300FB070F /* PermissionTests.swift in Sources */,
				6D16D89D1E4944F90093B4B1 /* BookmarkManager.swift in Sources */,
				6D04A6F01E3F4C4800DD9F70 /* OtherTests.swift in Sources */,
				6D95FF271E49FC3800FB070F /* ProfileTools.swift in Sources */,
				E92590D603F5D8FABBE76426 /* EdgeManagerTests.swift in Sources */,
				E92B3EED654E44CDD80E089D /* EdgeConnectionManager.swift in Sources */,
				E929A104DC701DA1AE31ED84 /* AddDeviceViewController.swift in Sources */,
				E924551915F078D5573D2794 /* PairingViewController.swift in Sources */,
				E92248EECE69F6EA40964931 /* CustomTableViewCells.swift in Sources */,
				E922EC96B5E07D077263B6DB /* PairingConfirmedViewController.swift in Sources */,
				E92F9082DBA9B75261176A39 /* OverviewViewController.swift in Sources */,
				E920D288C89CD29330CB4CD9 /* DiscoverViewController.swift in Sources */,
				E92A38C0D6987C838BE90500 /* HelpViewController.swift in Sources */,
				E922F5AB9231ED6A6EA7A90B /* SettingsViewController.swift in Sources */,
				E92EFE84DCB7E34F1631EA62 /* DeviceDetailsViewController.swift in Sources */,
				E9296EB40EB6A206D1D7BD5C /* EdgeDeviceViewController.swift in Sources */,
				E92C62AAB6F61B78FE4E571A /* StoryboardHelper.swift in Sources */,
			);
			runOnlyForDeploymentPostprocessing = 0;
		};
/* End PBXSourcesBuildPhase section */

/* Begin PBXTargetDependency section */
		6D04A6ED1E3F4C4800DD9F70 /* PBXTargetDependency */ = {
			isa = PBXTargetDependency;
			target = 6D04A6D61E3F4C4800DD9F70 /* Nabto Edge Webview */;
			targetProxy = 6D04A6EC1E3F4C4800DD9F70 /* PBXContainerItemProxy */;
		};
/* End PBXTargetDependency section */

/* Begin PBXVariantGroup section */
		6D04A6DE1E3F4C4800DD9F70 /* Main.storyboard */ = {
			isa = PBXVariantGroup;
			children = (
				6D04A6DF1E3F4C4800DD9F70 /* Base */,
			);
			name = Main.storyboard;
			sourceTree = "<group>";
		};
		6D04A6E31E3F4C4800DD9F70 /* LaunchScreen.storyboard */ = {
			isa = PBXVariantGroup;
			children = (
				6D04A6E41E3F4C4800DD9F70 /* Base */,
			);
			name = LaunchScreen.storyboard;
			sourceTree = "<group>";
		};
/* End PBXVariantGroup section */

/* Begin XCBuildConfiguration section */
		6D04A6F21E3F4C4800DD9F70 /* Debug */ = {
			isa = XCBuildConfiguration;
			buildSettings = {
				ALWAYS_SEARCH_USER_PATHS = NO;
				CLANG_ANALYZER_NONNULL = YES;
				CLANG_CXX_LANGUAGE_STANDARD = "gnu++0x";
				CLANG_CXX_LIBRARY = "libc++";
				CLANG_ENABLE_MODULES = YES;
				CLANG_ENABLE_OBJC_ARC = YES;
				CLANG_WARN_BOOL_CONVERSION = YES;
				CLANG_WARN_CONSTANT_CONVERSION = YES;
				CLANG_WARN_DIRECT_OBJC_ISA_USAGE = YES_ERROR;
				CLANG_WARN_DOCUMENTATION_COMMENTS = YES;
				CLANG_WARN_EMPTY_BODY = YES;
				CLANG_WARN_ENUM_CONVERSION = YES;
				CLANG_WARN_INFINITE_RECURSION = YES;
				CLANG_WARN_INT_CONVERSION = YES;
				CLANG_WARN_OBJC_ROOT_CLASS = YES_ERROR;
				CLANG_WARN_SUSPICIOUS_MOVE = YES;
				CLANG_WARN_SUSPICIOUS_MOVES = YES;
				CLANG_WARN_UNREACHABLE_CODE = YES;
				CLANG_WARN__DUPLICATE_METHOD_MATCH = YES;
				"CODE_SIGN_IDENTITY[sdk=iphoneos*]" = "iPhone Developer";
				COPY_PHASE_STRIP = NO;
				DEBUG_INFORMATION_FORMAT = dwarf;
				ENABLE_BITCODE = NO;
				ENABLE_STRICT_OBJC_MSGSEND = YES;
				ENABLE_TESTABILITY = YES;
				GCC_C_LANGUAGE_STANDARD = gnu99;
				GCC_DYNAMIC_NO_PIC = NO;
				GCC_NO_COMMON_BLOCKS = YES;
				GCC_OPTIMIZATION_LEVEL = 0;
				GCC_PREPROCESSOR_DEFINITIONS = (
					"DEBUG=1",
					"$(inherited)",
				);
				GCC_WARN_64_TO_32_BIT_CONVERSION = YES;
				GCC_WARN_ABOUT_RETURN_TYPE = YES_ERROR;
				GCC_WARN_UNDECLARED_SELECTOR = YES;
				GCC_WARN_UNINITIALIZED_AUTOS = YES_AGGRESSIVE;
				GCC_WARN_UNUSED_FUNCTION = YES;
				GCC_WARN_UNUSED_VARIABLE = YES;
				IPHONEOS_DEPLOYMENT_TARGET = 12.2;
				MTL_ENABLE_DEBUG_INFO = YES;
				ONLY_ACTIVE_ARCH = YES;
				SDKROOT = iphoneos;
				SWIFT_ACTIVE_COMPILATION_CONDITIONS = DEBUG;
				SWIFT_OPTIMIZATION_LEVEL = "-Onone";
				TARGETED_DEVICE_FAMILY = "1,2";
			};
			name = Debug;
		};
		6D04A6F31E3F4C4800DD9F70 /* Release */ = {
			isa = XCBuildConfiguration;
			buildSettings = {
				ALWAYS_SEARCH_USER_PATHS = NO;
				CLANG_ANALYZER_NONNULL = YES;
				CLANG_CXX_LANGUAGE_STANDARD = "gnu++0x";
				CLANG_CXX_LIBRARY = "libc++";
				CLANG_ENABLE_MODULES = YES;
				CLANG_ENABLE_OBJC_ARC = YES;
				CLANG_WARN_BOOL_CONVERSION = YES;
				CLANG_WARN_CONSTANT_CONVERSION = YES;
				CLANG_WARN_DIRECT_OBJC_ISA_USAGE = YES_ERROR;
				CLANG_WARN_DOCUMENTATION_COMMENTS = YES;
				CLANG_WARN_EMPTY_BODY = YES;
				CLANG_WARN_ENUM_CONVERSION = YES;
				CLANG_WARN_INFINITE_RECURSION = YES;
				CLANG_WARN_INT_CONVERSION = YES;
				CLANG_WARN_OBJC_ROOT_CLASS = YES_ERROR;
				CLANG_WARN_SUSPICIOUS_MOVE = YES;
				CLANG_WARN_SUSPICIOUS_MOVES = YES;
				CLANG_WARN_UNREACHABLE_CODE = YES;
				CLANG_WARN__DUPLICATE_METHOD_MATCH = YES;
				"CODE_SIGN_IDENTITY[sdk=iphoneos*]" = "iPhone Developer";
				COPY_PHASE_STRIP = NO;
				DEBUG_INFORMATION_FORMAT = "dwarf-with-dsym";
				ENABLE_BITCODE = NO;
				ENABLE_NS_ASSERTIONS = NO;
				ENABLE_STRICT_OBJC_MSGSEND = YES;
				GCC_C_LANGUAGE_STANDARD = gnu99;
				GCC_NO_COMMON_BLOCKS = YES;
				GCC_WARN_64_TO_32_BIT_CONVERSION = YES;
				GCC_WARN_ABOUT_RETURN_TYPE = YES_ERROR;
				GCC_WARN_UNDECLARED_SELECTOR = YES;
				GCC_WARN_UNINITIALIZED_AUTOS = YES_AGGRESSIVE;
				GCC_WARN_UNUSED_FUNCTION = YES;
				GCC_WARN_UNUSED_VARIABLE = YES;
				IPHONEOS_DEPLOYMENT_TARGET = 12.2;
				MTL_ENABLE_DEBUG_INFO = NO;
				SDKROOT = iphoneos;
				SWIFT_OPTIMIZATION_LEVEL = "-Owholemodule";
				TARGETED_DEVICE_FAMILY = "1,2";
				VALIDATE_PRODUCT = YES;
			};
			name = Release;
		};
		6D04A6F51E3F4C4800DD9F70 /* Debug */ = {
			isa = XCBuildConfiguration;
			baseConfigurationReference = 3984BC81D430E3673E4F53A3 /* Pods-Nabto Edge Webview.debug.xcconfig */;
			buildSettings = {
				ASSETCATALOG_COMPILER_APPICON_NAME = AppIcon;
				CODE_SIGN_IDENTITY = "Apple Development";
				CODE_SIGN_STYLE = Automatic;
				CURRENT_PROJECT_VERSION = 2;
				DEVELOPMENT_TEAM = E55K8RCV2E;
				FRAMEWORK_SEARCH_PATHS = (
					"$(inherited)",
					"\"${PODS_CONFIGURATION_BUILD_DIR}/CBORCoding\"",
					"\"${PODS_CONFIGURATION_BUILD_DIR}/Half\"",
					"\"${PODS_CONFIGURATION_BUILD_DIR}/MarqueeLabel\"",
					"\"${PODS_CONFIGURATION_BUILD_DIR}/NotificationBannerSwift\"",
					"\"${PODS_CONFIGURATION_BUILD_DIR}/SnapKit\"",
					"\"${PODS_ROOT}/NabtoEdgeClientSwift\"",
					"\"${PODS_ROOT}/NabtoEdgeIamUtil\"",
					"\"${PODS_XCFRAMEWORKS_BUILD_DIR}/NabtoEdgeClientSwift\"",
					"\"${PODS_XCFRAMEWORKS_BUILD_DIR}/NabtoEdgeIamUtil\"",
				);
				HEADER_SEARCH_PATHS = "$(inherited)";
				INFOPLIST_FILE = NabtoEdgeWebview/Info.plist;
				IPHONEOS_DEPLOYMENT_TARGET = 15.0;
				LD_RUNPATH_SEARCH_PATHS = "$(inherited) @executable_path/Frameworks";
				LIBRARY_SEARCH_PATHS = (
					"$(inherited)",
					"$(SRCROOT)/Libs/**",
					"$(PROJECT_DIR)/Libs/nabto/ios/lib",
				);
				MARKETING_VERSION = 1.0.0;
				OTHER_LDFLAGS = (
					"$(inherited)",
					"-lc++",
					"-lresolv",
				);
				PRODUCT_BUNDLE_IDENTIFIER = com.nabto.edge.webview;
				PRODUCT_NAME = "$(TARGET_NAME)";
				PROVISIONING_PROFILE_SPECIFIER = "";
				SWIFT_OBJC_BRIDGING_HEADER = "$(SRCROOT)/$(PROJECT_NAME)/$(PROJECT_NAME)-Bridging-Header.h";
				SWIFT_VERSION = 4.2;
				TARGETED_DEVICE_FAMILY = 1;
			};
			name = Debug;
		};
		6D04A6F61E3F4C4800DD9F70 /* Release */ = {
			isa = XCBuildConfiguration;
			baseConfigurationReference = 1F9D2E967173336694101711 /* Pods-Nabto Edge Webview.release.xcconfig */;
			buildSettings = {
				ASSETCATALOG_COMPILER_APPICON_NAME = AppIcon;
				CODE_SIGN_IDENTITY = "Apple Development";
				CODE_SIGN_STYLE = Automatic;
				CURRENT_PROJECT_VERSION = 2;
				DEVELOPMENT_TEAM = E55K8RCV2E;
				FRAMEWORK_SEARCH_PATHS = (
					"$(inherited)",
					"\"${PODS_CONFIGURATION_BUILD_DIR}/CBORCoding\"",
					"\"${PODS_CONFIGURATION_BUILD_DIR}/Half\"",
					"\"${PODS_CONFIGURATION_BUILD_DIR}/MarqueeLabel\"",
					"\"${PODS_CONFIGURATION_BUILD_DIR}/NotificationBannerSwift\"",
					"\"${PODS_CONFIGURATION_BUILD_DIR}/SnapKit\"",
					"\"${PODS_ROOT}/NabtoEdgeClientSwift\"",
					"\"${PODS_ROOT}/NabtoEdgeIamUtil\"",
					"\"${PODS_XCFRAMEWORKS_BUILD_DIR}/NabtoEdgeClientSwift\"",
					"\"${PODS_XCFRAMEWORKS_BUILD_DIR}/NabtoEdgeIamUtil\"",
				);
				HEADER_SEARCH_PATHS = "$(inherited)";
				INFOPLIST_FILE = NabtoEdgeWebview/Info.plist;
				IPHONEOS_DEPLOYMENT_TARGET = 15.0;
				LD_RUNPATH_SEARCH_PATHS = "$(inherited) @executable_path/Frameworks";
				LIBRARY_SEARCH_PATHS = (
					"$(inherited)",
					"$(SRCROOT)/Libs/**",
					"$(PROJECT_DIR)/Libs/nabto/ios/lib",
				);
				MARKETING_VERSION = 1.0.0;
				OTHER_LDFLAGS = (
					"$(inherited)",
					"-lc++",
					"-lresolv",
				);
				PRODUCT_BUNDLE_IDENTIFIER = com.nabto.edge.webview;
				PRODUCT_NAME = "$(TARGET_NAME)";
				PROVISIONING_PROFILE_SPECIFIER = "";
				SWIFT_OBJC_BRIDGING_HEADER = "$(SRCROOT)/$(PROJECT_NAME)/$(PROJECT_NAME)-Bridging-Header.h";
				SWIFT_VERSION = 4.2;
				TARGETED_DEVICE_FAMILY = 1;
			};
			name = Release;
		};
		6D04A6F81E3F4C4800DD9F70 /* Debug */ = {
			isa = XCBuildConfiguration;
			baseConfigurationReference = 38ACE60244CD232FE27564C7 /* Pods-NabtoEdgeWebviewTests.debug.xcconfig */;
			buildSettings = {
				ALWAYS_EMBED_SWIFT_STANDARD_LIBRARIES = "$(inherited)";
				BUNDLE_LOADER = "$(TEST_HOST)";
				DEVELOPMENT_TEAM = "";
				HEADER_SEARCH_PATHS = "$(inherited)";
				INFOPLIST_FILE = NabtoEdgeVideoTests/Info.plist;
				IPHONEOS_DEPLOYMENT_TARGET = 13.0;
				LD_RUNPATH_SEARCH_PATHS = "$(inherited) @executable_path/Frameworks @loader_path/Frameworks";
				LIBRARY_SEARCH_PATHS = "$(inherited)";
				PRODUCT_BUNDLE_IDENTIFIER = com.nabto.edge.NabtoEdgeVideoTests;
				PRODUCT_NAME = "$(TARGET_NAME)";
				SWIFT_OBJC_BRIDGING_HEADER = "$(PROJECT_DIR)/$(PROJECT_NAME)/$(PROJECT_NAME)-Bridging-Header.h";
				SWIFT_VERSION = 4.2;
				TEST_HOST = "$(BUILT_PRODUCTS_DIR)/Nabto Edge Video.app/Nabto Edge Video";
			};
			name = Debug;
		};
		6D04A6F91E3F4C4800DD9F70 /* Release */ = {
			isa = XCBuildConfiguration;
			baseConfigurationReference = 418369131D7B7FFCF8F490C7 /* Pods-NabtoEdgeWebviewTests.release.xcconfig */;
			buildSettings = {
				ALWAYS_EMBED_SWIFT_STANDARD_LIBRARIES = "$(inherited)";
				BUNDLE_LOADER = "$(TEST_HOST)";
				DEVELOPMENT_TEAM = "";
				HEADER_SEARCH_PATHS = "$(inherited)";
				INFOPLIST_FILE = NabtoEdgeVideoTests/Info.plist;
				IPHONEOS_DEPLOYMENT_TARGET = 13.0;
				LD_RUNPATH_SEARCH_PATHS = "$(inherited) @executable_path/Frameworks @loader_path/Frameworks";
				LIBRARY_SEARCH_PATHS = "$(inherited)";
				PRODUCT_BUNDLE_IDENTIFIER = com.nabto.edge.NabtoEdgeVideoTests;
				PRODUCT_NAME = "$(TARGET_NAME)";
				SWIFT_OBJC_BRIDGING_HEADER = "$(PROJECT_DIR)/$(PROJECT_NAME)/$(PROJECT_NAME)-Bridging-Header.h";
				SWIFT_VERSION = 4.2;
				TEST_HOST = "$(BUILT_PRODUCTS_DIR)/Nabto Edge Video.app/Nabto Edge Video";
			};
			name = Release;
		};
/* End XCBuildConfiguration section */

/* Begin XCConfigurationList section */
		6D04A6D21E3F4C4800DD9F70 /* Build configuration list for PBXProject "NabtoEdgeWebview" */ = {
			isa = XCConfigurationList;
			buildConfigurations = (
				6D04A6F21E3F4C4800DD9F70 /* Debug */,
				6D04A6F31E3F4C4800DD9F70 /* Release */,
			);
			defaultConfigurationIsVisible = 0;
			defaultConfigurationName = Release;
		};
		6D04A6F41E3F4C4800DD9F70 /* Build configuration list for PBXNativeTarget "Nabto Edge Webview" */ = {
			isa = XCConfigurationList;
			buildConfigurations = (
				6D04A6F51E3F4C4800DD9F70 /* Debug */,
				6D04A6F61E3F4C4800DD9F70 /* Release */,
			);
			defaultConfigurationIsVisible = 0;
			defaultConfigurationName = Release;
		};
		6D04A6F71E3F4C4800DD9F70 /* Build configuration list for PBXNativeTarget "NabtoEdgeWebviewTests" */ = {
			isa = XCConfigurationList;
			buildConfigurations = (
				6D04A6F81E3F4C4800DD9F70 /* Debug */,
				6D04A6F91E3F4C4800DD9F70 /* Release */,
			);
			defaultConfigurationIsVisible = 0;
			defaultConfigurationName = Release;
		};
/* End XCConfigurationList section */
	};
	rootObject = 6D04A6CF1E3F4C4800DD9F70 /* Project object */;
}
